
Microsoft Visual Studio Solution File, Format Version 12.00
# Visual Studio 2010
Project("{159641D6-6404-4A2A-AE62-294DE0FE8301}") = "Populate_CIS_Tables", "solPopulate_CIS_Tables_PRODAug2017\Populate_CIS_Tables.dtproj", "{4BB085FB-EEB6-4220-8B84-E65DD56AA3AF}"
EndProject
Global
	GlobalSection(SolutionConfigurationPlatforms) = preSolution
		Development|Default = Development|Default
	EndGlobalSection
	GlobalSection(ProjectConfigurationPlatforms) = postSolution
		{4BB085FB-EEB6-4220-8B84-E65DD56AA3AF}.Development|Default.ActiveCfg = Development
		{4BB085FB-EEB6-4220-8B84-E65DD56AA3AF}.Development|Default.Build.0 = Development
	EndGlobalSection
	GlobalSection(SolutionProperties) = preSolution
		HideSolutionNode = FALSE
	EndGlobalSection
EndGlobal
