
Microsoft Visual Studio Solution File, Format Version 12.00
# Visual Studio 14
VisualStudioVersion = 14.0.25420.1
MinimumVisualStudioVersion = 10.0.40219.1
Project("{159641D6-6404-4A2A-AE62-294DE0FE8301}") = "WAREHOUSE1-SSIS", "WAREHOUSE1-SSIS\WAREHOUSE1-SSIS.dtproj", "{73B0EE97-AEEF-4A53-9E1E-7BF7A2E28695}"
EndProject
Global
	GlobalSection(SolutionConfigurationPlatforms) = preSolution
		Development|Default = Development|Default
	EndGlobalSection
	GlobalSection(ProjectConfigurationPlatforms) = postSolution
		{73B0EE97-AEEF-4A53-9E1E-7BF7A2E28695}.Development|Default.ActiveCfg = Development
		{73B0EE97-AEEF-4A53-9E1E-7BF7A2E28695}.Development|Default.Build.0 = Development
	EndGlobalSection
	GlobalSection(SolutionProperties) = preSolution
		HideSolutionNode = FALSE
	EndGlobalSection
EndGlobal
