
Microsoft Visual Studio Solution File, Format Version 11.00
# Visual Studio 2010
Project("{D2ABAB84-BF74-430A-B69E-9DC6D40DDA17}") = "GDPRS_Suppression", "GDPRS_Suppression\GDPRS_Suppression.dwproj", "{F30C89D0-1CE5-46EA-A0CD-E03A6FDBFF91}"
EndProject
Global
	GlobalSection(SolutionConfigurationPlatforms) = preSolution
		Development|Default = Development|Default
	EndGlobalSection
	GlobalSection(ProjectConfigurationPlatforms) = postSolution
		{F30C89D0-1CE5-46EA-A0CD-E03A6FDBFF91}.Development|Default.ActiveCfg = Development
		{F30C89D0-1CE5-46EA-A0CD-E03A6FDBFF91}.Development|Default.Build.0 = Development
		{F30C89D0-1CE5-46EA-A0CD-E03A6FDBFF91}.Development|Default.Deploy.0 = Development
	EndGlobalSection
	GlobalSection(SolutionProperties) = preSolution
		HideSolutionNode = FALSE
	EndGlobalSection
EndGlobal
